{
  "version": 4,
  "terraform_version": "1.11.2",
  "serial": 40,
  "lineage": "0f348296-5519-8494-53bd-2f2bb20a31e0",
  "outputs": {},
  "resources": [
    {
      "mode": "managed",
      "type": "docker_image",
      "name": "flask_app",
      "provider": "provider[\"registry.terraform.io/kreuzwerker/docker\"]",
      "instances": [
        {
          "schema_version": 0,
          "attributes": {
            "build": [],
            "force_remove": null,
            "id": "sha256:3d6c1ba78a8dd49c040be9cbf4a61683495446cad60f6aa964d0a351d8ddc07fpython:3.9-slim",
            "image_id": "sha256:3d6c1ba78a8dd49c040be9cbf4a61683495446cad60f6aa964d0a351d8ddc07f",
            "keep_locally": null,
            "name": "python:3.9-slim",
            "platform": null,
            "pull_triggers": null,
            "repo_digest": "python@sha256:d1fd807555208707ec95b284afd10048d0737e84b5f2d6fdcbed2922b9284b56",
            "triggers": null
          },
          "sensitive_attributes": [],
          "private": "bnVsbA=="
        }
      ]
    },
    {
      "mode": "managed",
      "type": "docker_image",
      "name": "nginx",
      "provider": "provider[\"registry.terraform.io/kreuzwerker/docker\"]",
      "instances": [
        {
          "schema_version": 0,
          "attributes": {
            "build": [],
            "force_remove": null,
            "id": "sha256:678546cdd20cd5baaea6f534dbb7482fc9f2f8d24c1f3c53c0e747b699b849danginx:latest",
            "image_id": "sha256:678546cdd20cd5baaea6f534dbb7482fc9f2f8d24c1f3c53c0e747b699b849da",
            "keep_locally": null,
            "name": "nginx:latest",
            "platform": null,
            "pull_triggers": null,
            "repo_digest": "nginx@sha256:9d6b58feebd2dbd3c56ab5853333d627cc6e281011cfd6050fa4bcf2072c9496",
            "triggers": null
          },
          "sensitive_attributes": [],
          "private": "bnVsbA=="
        }
      ]
    },
    {
      "mode": "managed",
      "type": "docker_image",
      "name": "postgres",
      "provider": "provider[\"registry.terraform.io/kreuzwerker/docker\"]",
      "instances": [
        {
          "schema_version": 0,
          "attributes": {
            "build": [],
            "force_remove": null,
            "id": "sha256:4b50489eee84910b677888d621e0b5ac59a956ce976d158886cb61aa3c482448postgres:latest",
            "image_id": "sha256:4b50489eee84910b677888d621e0b5ac59a956ce976d158886cb61aa3c482448",
            "keep_locally": null,
            "name": "postgres:latest",
            "platform": null,
            "pull_triggers": null,
            "repo_digest": "postgres@sha256:81f32a88ec561664634637dd446487efd5f9d90996304b96210078e90e5c8b21",
            "triggers": null
          },
          "sensitive_attributes": [],
          "private": "bnVsbA=="
        }
      ]
    },
    {
      "mode": "managed",
      "type": "docker_volume",
      "name": "postgres_data",
      "provider": "provider[\"registry.terraform.io/kreuzwerker/docker\"]",
      "instances": [
        {
          "schema_version": 1,
          "attributes": {
            "driver": "local",
            "driver_opts": null,
            "id": "postgres_data",
            "labels": [],
            "mountpoint": "/var/lib/docker/volumes/postgres_data/_data",
            "name": "postgres_data"
          },
          "sensitive_attributes": [],
          "private": "eyJzY2hlbWFfdmVyc2lvbiI6IjEifQ=="
        }
      ]
    }
  ],
  "check_results": null
}
