{
  "version": 4,
  "terraform_version": "1.11.2",
  "serial": 1,
  "lineage": "f4d1635b-aba1-0305-29db-01d4184927b7",
  "outputs": {},
  "resources": [
    {
      "mode": "managed",
      "type": "docker_image",
      "name": "nginx",
      "provider": "provider[\"registry.terraform.io/kreuzwerker/docker\"]",
      "instances": [
        {
          "schema_version": 0,
          "attributes": {
            "build": [],
            "force_remove": null,
            "id": "sha256:678546cdd20cd5baaea6f534dbb7482fc9f2f8d24c1f3c53c0e747b699b849danginx:latest",
            "image_id": "sha256:678546cdd20cd5baaea6f534dbb7482fc9f2f8d24c1f3c53c0e747b699b849da",
            "keep_locally": null,
            "name": "nginx:latest",
            "platform": null,
            "pull_triggers": null,
            "repo_digest": "nginx@sha256:9d6b58feebd2dbd3c56ab5853333d627cc6e281011cfd6050fa4bcf2072c9496",
            "triggers": null
          },
          "sensitive_attributes": [],
          "private": "bnVsbA=="
        }
      ]
    }
  ],
  "check_results": null
}
